Microsoft Visual Studio Solution File, Format Version 12.00
# Visual Studio Version 17
VisualStudioVersion = 17.5.2.0
MinimumVisualStudioVersion = 10.0.40219.1
Project("{FAE04EC0-301F-11D3-BF4B-00C04F79EFBC}") = "ContactManager", "ContactManager.csproj", "{B0649BAC-108A-BBF5-9B1A-4DFC8B0D3766}"
EndProject
Global
	GlobalSection(SolutionConfigurationPlatforms) = preSolution
		Debug|Any CPU = Debug|Any CPU
		Release|Any CPU = Release|Any CPU
	EndGlobalSection
	GlobalSection(ProjectConfigurationPlatforms) = postSolution
		{B0649BAC-108A-BBF5-9B1A-4DFC8B0D3766}.Debug|Any CPU.ActiveCfg = Debug|Any CPU
		{B0649BAC-108A-BBF5-9B1A-4DFC8B0D3766}.Debug|Any CPU.Build.0 = Debug|Any CPU
		{B0649BAC-108A-BBF5-9B1A-4DFC8B0D3766}.Release|Any CPU.ActiveCfg = Release|Any CPU
		{B0649BAC-108A-BBF5-9B1A-4DFC8B0D3766}.Release|Any CPU.Build.0 = Release|Any CPU
	EndGlobalSection
	GlobalSection(SolutionProperties) = preSolution
		HideSolutionNode = FALSE
	EndGlobalSection
	GlobalSection(ExtensibilityGlobals) = postSolution
		SolutionGuid = {BC7833AF-98AF-4963-B0C6-63AAE7AE66BE}
	EndGlobalSection
EndGlobal
